
Microsoft Visual Studio Solution File, Format Version 12.00
Project("{FAE04EC0-301F-11D3-BF4B-00C04F79EFBC}") = "DevNet-P11", "DevNet-P11\DevNet-P11.csproj", "{97A6D651-52E2-464F-B568-F4CE2362D721}"
EndProject
Global
	GlobalSection(SolutionConfigurationPlatforms) = preSolution
		Debug|Any CPU = Debug|Any CPU
		Release|Any CPU = Release|Any CPU
	EndGlobalSection
	GlobalSection(ProjectConfigurationPlatforms) = postSolution
		{97A6D651-52E2-464F-B568-F4CE2362D721}.Debug|Any CPU.ActiveCfg = Debug|Any CPU
		{97A6D651-52E2-464F-B568-F4CE2362D721}.Debug|Any CPU.Build.0 = Debug|Any CPU
		{97A6D651-52E2-464F-B568-F4CE2362D721}.Release|Any CPU.ActiveCfg = Release|Any CPU
		{97A6D651-52E2-464F-B568-F4CE2362D721}.Release|Any CPU.Build.0 = Release|Any CPU
	EndGlobalSection
EndGlobal
